
Microsoft Visual Studio Solution File, Format Version 12.00
# Visual Studio Version 17
VisualStudioVersion = 17.0.31903.59
MinimumVisualStudioVersion = 10.0.40219.1
Project("{FAE04EC0-301F-11D3-BF4B-00C04F79EFBC}") = "API", "API\API.csproj", "{1A819E69-9779-4004-8737-653340F191C9}"
EndProject
Project("{FAE04EC0-301F-11D3-BF4B-00C04F79EFBC}") = "Core", "Core\Core.csproj", "{2079C340-4F67-4872-97CA-81695A0C0455}"
EndProject
Project("{FAE04EC0-301F-11D3-BF4B-00C04F79EFBC}") = "Infrastructure", "Infrastructure\Infrastructure.csproj", "{E6F404A0-EB84-4A7A-AA01-CE48467DA765}"
EndProject
Global
	GlobalSection(SolutionConfigurationPlatforms) = preSolution
		Debug|Any CPU = Debug|Any CPU
		Release|Any CPU = Release|Any CPU
	EndGlobalSection
	GlobalSection(SolutionProperties) = preSolution
		HideSolutionNode = FALSE
	EndGlobalSection
	GlobalSection(ProjectConfigurationPlatforms) = postSolution
		{1A819E69-9779-4004-8737-653340F191C9}.Debug|Any CPU.ActiveCfg = Debug|Any CPU
		{1A819E69-9779-4004-8737-653340F191C9}.Debug|Any CPU.Build.0 = Debug|Any CPU
		{1A819E69-9779-4004-8737-653340F191C9}.Release|Any CPU.ActiveCfg = Release|Any CPU
		{1A819E69-9779-4004-8737-653340F191C9}.Release|Any CPU.Build.0 = Release|Any CPU
		{2079C340-4F67-4872-97CA-81695A0C0455}.Debug|Any CPU.ActiveCfg = Debug|Any CPU
		{2079C340-4F67-4872-97CA-81695A0C0455}.Debug|Any CPU.Build.0 = Debug|Any CPU
		{2079C340-4F67-4872-97CA-81695A0C0455}.Release|Any CPU.ActiveCfg = Release|Any CPU
		{2079C340-4F67-4872-97CA-81695A0C0455}.Release|Any CPU.Build.0 = Release|Any CPU
		{E6F404A0-EB84-4A7A-AA01-CE48467DA765}.Debug|Any CPU.ActiveCfg = Debug|Any CPU
		{E6F404A0-EB84-4A7A-AA01-CE48467DA765}.Debug|Any CPU.Build.0 = Debug|Any CPU
		{E6F404A0-EB84-4A7A-AA01-CE48467DA765}.Release|Any CPU.ActiveCfg = Release|Any CPU
		{E6F404A0-EB84-4A7A-AA01-CE48467DA765}.Release|Any CPU.Build.0 = Release|Any CPU
	EndGlobalSection
EndGlobal
